
Microsoft Visual Studio Solution File, Format Version 12.00
# Visual Studio Version 16
VisualStudioVersion = 16.6.30114.105
MinimumVisualStudioVersion = 10.0.40219.1
Project("{2150E333-8FDC-42A3-9474-1A3956D46DE8}") = "src", "src", "{74D7ECF9-D1F6-46FA-B8D8-D34F86F713EA}"
EndProject
Project("{9A19103F-16F7-4668-BE54-9A1E7A4F7556}") = "Durian.Core", "src\Durian.Core\Durian.Core.csproj", "{46E3066C-2E87-4E69-A59C-DDB94D47BFF4}"
EndProject
Project("{9A19103F-16F7-4668-BE54-9A1E7A4F7556}") = "Durian.AnalysisServices", "src\Durian.AnalysisServices\Durian.AnalysisServices.csproj", "{4B8D72A2-27D0-4437-A227-9734C99C033A}"
EndProject
Project("{9A19103F-16F7-4668-BE54-9A1E7A4F7556}") = "Durian.DefaultParam", "src\Durian.DefaultParam\Durian.DefaultParam.csproj", "{0C040E7C-8BF7-4EBD-8023-E6B259643DAD}"
EndProject
Project("{9A19103F-16F7-4668-BE54-9A1E7A4F7556}") = "Durian.TestServices", "src\Durian.TestServices\Durian.TestServices.csproj", "{E179EA56-DDBF-4680-993C-A819FCA5D855}"
EndProject
Project("{2150E333-8FDC-42A3-9474-1A3956D46DE8}") = "tests", "tests", "{F7DC25BE-C8AA-4B1A-A752-70DB1234815E}"
EndProject
Project("{9A19103F-16F7-4668-BE54-9A1E7A4F7556}") = "Durian.AnalysisServices.Tests", "tests\Durian.AnalysisServices.Tests\Durian.AnalysisServices.Tests.csproj", "{E1149A6A-B6FE-4ECA-BA7A-6101E35C91E7}"
EndProject
Project("{9A19103F-16F7-4668-BE54-9A1E7A4F7556}") = "Durian.DefaultParam.Tests", "tests\Durian.DefaultParam.Tests\Durian.DefaultParam.Tests.csproj", "{308BB750-C144-4197-8BF2-26D2D75E2661}"
EndProject
Project("{2150E333-8FDC-42A3-9474-1A3956D46DE8}") = "samples", "samples", "{F874D8E3-AE3E-4D16-8D1D-10D89412CAFC}"
EndProject
Project("{9A19103F-16F7-4668-BE54-9A1E7A4F7556}") = "Durian.DefaultParam.Samples", "samples\Durian.DefaultParam.Samples\Durian.DefaultParam.Samples.csproj", "{6C7C070F-E6A7-40C2-882F-8DDED4D3AF64}"
EndProject
Project("{2150E333-8FDC-42A3-9474-1A3956D46DE8}") = "solution_items", "solution_items", "{669AA144-A769-4EA2-9A61-4CF58A84FB12}"
	ProjectSection(SolutionItems) = preProject
		.editorconfig = .editorconfig
		.gitattributes = .gitattributes
		.gitignore = .gitignore
		Directory.Build.props = Directory.Build.props
		LICENSE = LICENSE
		README.md = README.md
	EndProjectSection
EndProject
Project("{2150E333-8FDC-42A3-9474-1A3956D46DE8}") = "symbols", "symbols", "{BB249978-3546-4BA0-8F43-620F9C437F38}"
	ProjectSection(SolutionItems) = preProject
		symbols\NullableAttributes.cs = symbols\NullableAttributes.cs
	EndProjectSection
EndProject
Project("{2150E333-8FDC-42A3-9474-1A3956D46DE8}") = "tools", "tools", "{C68009B1-28C1-4DFC-9806-F7030D658FB9}"
	ProjectSection(SolutionItems) = preProject
		tools\install.ps1 = tools\install.ps1
		tools\uninstall.ps1 = tools\uninstall.ps1
	EndProjectSection
EndProject
Project("{2150E333-8FDC-42A3-9474-1A3956D46DE8}") = "build", "build", "{80273A51-C8E4-433F-BD7C-4336BEB04A1D}"
EndProject
Project("{9A19103F-16F7-4668-BE54-9A1E7A4F7556}") = "GenerateAnalyzerReleases", "build\GenerateAnalyzerReleases\GenerateAnalyzerReleases.csproj", "{312B14BF-6208-4E10-81A8-53263C66DEB0}"
EndProject
Project("{9A19103F-16F7-4668-BE54-9A1E7A4F7556}") = "Durian.Core.Analyzer", "src\Durian.Core.Analyzer\Durian.Core.Analyzer.csproj", "{8DCB04EE-4007-4AE3-A27B-DE63CDCAF0E5}"
EndProject
Project("{9A19103F-16F7-4668-BE54-9A1E7A4F7556}") = "GenerateModuleRepository", "build\GenerateModuleRepository\GenerateModuleRepository.csproj", "{BBE02246-FD88-4DF3-8141-940C7E73AF05}"
EndProject
Global
	GlobalSection(SolutionConfigurationPlatforms) = preSolution
		Debug|Any CPU = Debug|Any CPU
		Debug|x64 = Debug|x64
		Debug|x86 = Debug|x86
		Release|Any CPU = Release|Any CPU
		Release|x64 = Release|x64
		Release|x86 = Release|x86
	EndGlobalSection
	GlobalSection(ProjectConfigurationPlatforms) = postSolution
		{46E3066C-2E87-4E69-A59C-DDB94D47BFF4}.Debug|Any CPU.ActiveCfg = Debug|Any CPU
		{46E3066C-2E87-4E69-A59C-DDB94D47BFF4}.Debug|Any CPU.Build.0 = Debug|Any CPU
		{46E3066C-2E87-4E69-A59C-DDB94D47BFF4}.Debug|x64.ActiveCfg = Debug|Any CPU
		{46E3066C-2E87-4E69-A59C-DDB94D47BFF4}.Debug|x64.Build.0 = Debug|Any CPU
		{46E3066C-2E87-4E69-A59C-DDB94D47BFF4}.Debug|x86.ActiveCfg = Debug|Any CPU
		{46E3066C-2E87-4E69-A59C-DDB94D47BFF4}.Debug|x86.Build.0 = Debug|Any CPU
		{46E3066C-2E87-4E69-A59C-DDB94D47BFF4}.Release|Any CPU.ActiveCfg = Release|Any CPU
		{46E3066C-2E87-4E69-A59C-DDB94D47BFF4}.Release|Any CPU.Build.0 = Release|Any CPU
		{46E3066C-2E87-4E69-A59C-DDB94D47BFF4}.Release|x64.ActiveCfg = Release|Any CPU
		{46E3066C-2E87-4E69-A59C-DDB94D47BFF4}.Release|x64.Build.0 = Release|Any CPU
		{46E3066C-2E87-4E69-A59C-DDB94D47BFF4}.Release|x86.ActiveCfg = Release|Any CPU
		{46E3066C-2E87-4E69-A59C-DDB94D47BFF4}.Release|x86.Build.0 = Release|Any CPU
		{4B8D72A2-27D0-4437-A227-9734C99C033A}.Debug|Any CPU.ActiveCfg = Debug|Any CPU
		{4B8D72A2-27D0-4437-A227-9734C99C033A}.Debug|Any CPU.Build.0 = Debug|Any CPU
		{4B8D72A2-27D0-4437-A227-9734C99C033A}.Debug|x64.ActiveCfg = Debug|Any CPU
		{4B8D72A2-27D0-4437-A227-9734C99C033A}.Debug|x64.Build.0 = Debug|Any CPU
		{4B8D72A2-27D0-4437-A227-9734C99C033A}.Debug|x86.ActiveCfg = Debug|Any CPU
		{4B8D72A2-27D0-4437-A227-9734C99C033A}.Debug|x86.Build.0 = Debug|Any CPU
		{4B8D72A2-27D0-4437-A227-9734C99C033A}.Release|Any CPU.ActiveCfg = Release|Any CPU
		{4B8D72A2-27D0-4437-A227-9734C99C033A}.Release|Any CPU.Build.0 = Release|Any CPU
		{4B8D72A2-27D0-4437-A227-9734C99C033A}.Release|x64.ActiveCfg = Release|Any CPU
		{4B8D72A2-27D0-4437-A227-9734C99C033A}.Release|x64.Build.0 = Release|Any CPU
		{4B8D72A2-27D0-4437-A227-9734C99C033A}.Release|x86.ActiveCfg = Release|Any CPU
		{4B8D72A2-27D0-4437-A227-9734C99C033A}.Release|x86.Build.0 = Release|Any CPU
		{0C040E7C-8BF7-4EBD-8023-E6B259643DAD}.Debug|Any CPU.ActiveCfg = Debug|Any CPU
		{0C040E7C-8BF7-4EBD-8023-E6B259643DAD}.Debug|Any CPU.Build.0 = Debug|Any CPU
		{0C040E7C-8BF7-4EBD-8023-E6B259643DAD}.Debug|x64.ActiveCfg = Debug|Any CPU
		{0C040E7C-8BF7-4EBD-8023-E6B259643DAD}.Debug|x64.Build.0 = Debug|Any CPU
		{0C040E7C-8BF7-4EBD-8023-E6B259643DAD}.Debug|x86.ActiveCfg = Debug|Any CPU
		{0C040E7C-8BF7-4EBD-8023-E6B259643DAD}.Debug|x86.Build.0 = Debug|Any CPU
		{0C040E7C-8BF7-4EBD-8023-E6B259643DAD}.Release|Any CPU.ActiveCfg = Release|Any CPU
		{0C040E7C-8BF7-4EBD-8023-E6B259643DAD}.Release|Any CPU.Build.0 = Release|Any CPU
		{0C040E7C-8BF7-4EBD-8023-E6B259643DAD}.Release|x64.ActiveCfg = Release|Any CPU
		{0C040E7C-8BF7-4EBD-8023-E6B259643DAD}.Release|x64.Build.0 = Release|Any CPU
		{0C040E7C-8BF7-4EBD-8023-E6B259643DAD}.Release|x86.ActiveCfg = Release|Any CPU
		{0C040E7C-8BF7-4EBD-8023-E6B259643DAD}.Release|x86.Build.0 = Release|Any CPU
		{E179EA56-DDBF-4680-993C-A819FCA5D855}.Debug|Any CPU.ActiveCfg = Debug|Any CPU
		{E179EA56-DDBF-4680-993C-A819FCA5D855}.Debug|Any CPU.Build.0 = Debug|Any CPU
		{E179EA56-DDBF-4680-993C-A819FCA5D855}.Debug|x64.ActiveCfg = Debug|Any CPU
		{E179EA56-DDBF-4680-993C-A819FCA5D855}.Debug|x64.Build.0 = Debug|Any CPU
		{E179EA56-DDBF-4680-993C-A819FCA5D855}.Debug|x86.ActiveCfg = Debug|Any CPU
		{E179EA56-DDBF-4680-993C-A819FCA5D855}.Debug|x86.Build.0 = Debug|Any CPU
		{E179EA56-DDBF-4680-993C-A819FCA5D855}.Release|Any CPU.ActiveCfg = Release|Any CPU
		{E179EA56-DDBF-4680-993C-A819FCA5D855}.Release|Any CPU.Build.0 = Release|Any CPU
		{E179EA56-DDBF-4680-993C-A819FCA5D855}.Release|x64.ActiveCfg = Release|Any CPU
		{E179EA56-DDBF-4680-993C-A819FCA5D855}.Release|x64.Build.0 = Release|Any CPU
		{E179EA56-DDBF-4680-993C-A819FCA5D855}.Release|x86.ActiveCfg = Release|Any CPU
		{E179EA56-DDBF-4680-993C-A819FCA5D855}.Release|x86.Build.0 = Release|Any CPU
		{E1149A6A-B6FE-4ECA-BA7A-6101E35C91E7}.Debug|Any CPU.ActiveCfg = Debug|Any CPU
		{E1149A6A-B6FE-4ECA-BA7A-6101E35C91E7}.Debug|Any CPU.Build.0 = Debug|Any CPU
		{E1149A6A-B6FE-4ECA-BA7A-6101E35C91E7}.Debug|x64.ActiveCfg = Debug|Any CPU
		{E1149A6A-B6FE-4ECA-BA7A-6101E35C91E7}.Debug|x64.Build.0 = Debug|Any CPU
		{E1149A6A-B6FE-4ECA-BA7A-6101E35C91E7}.Debug|x86.ActiveCfg = Debug|Any CPU
		{E1149A6A-B6FE-4ECA-BA7A-6101E35C91E7}.Debug|x86.Build.0 = Debug|Any CPU
		{E1149A6A-B6FE-4ECA-BA7A-6101E35C91E7}.Release|Any CPU.ActiveCfg = Release|Any CPU
		{E1149A6A-B6FE-4ECA-BA7A-6101E35C91E7}.Release|Any CPU.Build.0 = Release|Any CPU
		{E1149A6A-B6FE-4ECA-BA7A-6101E35C91E7}.Release|x64.ActiveCfg = Release|Any CPU
		{E1149A6A-B6FE-4ECA-BA7A-6101E35C91E7}.Release|x64.Build.0 = Release|Any CPU
		{E1149A6A-B6FE-4ECA-BA7A-6101E35C91E7}.Release|x86.ActiveCfg = Release|Any CPU
		{E1149A6A-B6FE-4ECA-BA7A-6101E35C91E7}.Release|x86.Build.0 = Release|Any CPU
		{308BB750-C144-4197-8BF2-26D2D75E2661}.Debug|Any CPU.ActiveCfg = Debug|Any CPU
		{308BB750-C144-4197-8BF2-26D2D75E2661}.Debug|Any CPU.Build.0 = Debug|Any CPU
		{308BB750-C144-4197-8BF2-26D2D75E2661}.Debug|x64.ActiveCfg = Debug|Any CPU
		{308BB750-C144-4197-8BF2-26D2D75E2661}.Debug|x64.Build.0 = Debug|Any CPU
		{308BB750-C144-4197-8BF2-26D2D75E2661}.Debug|x86.ActiveCfg = Debug|Any CPU
		{308BB750-C144-4197-8BF2-26D2D75E2661}.Debug|x86.Build.0 = Debug|Any CPU
		{308BB750-C144-4197-8BF2-26D2D75E2661}.Release|Any CPU.ActiveCfg = Release|Any CPU
		{308BB750-C144-4197-8BF2-26D2D75E2661}.Release|Any CPU.Build.0 = Release|Any CPU
		{308BB750-C144-4197-8BF2-26D2D75E2661}.Release|x64.ActiveCfg = Release|Any CPU
		{308BB750-C144-4197-8BF2-26D2D75E2661}.Release|x64.Build.0 = Release|Any CPU
		{308BB750-C144-4197-8BF2-26D2D75E2661}.Release|x86.ActiveCfg = Release|Any CPU
		{308BB750-C144-4197-8BF2-26D2D75E2661}.Release|x86.Build.0 = Release|Any CPU
		{6C7C070F-E6A7-40C2-882F-8DDED4D3AF64}.Debug|Any CPU.ActiveCfg = Debug|Any CPU
		{6C7C070F-E6A7-40C2-882F-8DDED4D3AF64}.Debug|Any CPU.Build.0 = Debug|Any CPU
		{6C7C070F-E6A7-40C2-882F-8DDED4D3AF64}.Debug|x64.ActiveCfg = Debug|Any CPU
		{6C7C070F-E6A7-40C2-882F-8DDED4D3AF64}.Debug|x64.Build.0 = Debug|Any CPU
		{6C7C070F-E6A7-40C2-882F-8DDED4D3AF64}.Debug|x86.ActiveCfg = Debug|Any CPU
		{6C7C070F-E6A7-40C2-882F-8DDED4D3AF64}.Debug|x86.Build.0 = Debug|Any CPU
		{6C7C070F-E6A7-40C2-882F-8DDED4D3AF64}.Release|Any CPU.ActiveCfg = Release|Any CPU
		{6C7C070F-E6A7-40C2-882F-8DDED4D3AF64}.Release|Any CPU.Build.0 = Release|Any CPU
		{6C7C070F-E6A7-40C2-882F-8DDED4D3AF64}.Release|x64.ActiveCfg = Release|Any CPU
		{6C7C070F-E6A7-40C2-882F-8DDED4D3AF64}.Release|x64.Build.0 = Release|Any CPU
		{6C7C070F-E6A7-40C2-882F-8DDED4D3AF64}.Release|x86.ActiveCfg = Release|Any CPU
		{6C7C070F-E6A7-40C2-882F-8DDED4D3AF64}.Release|x86.Build.0 = Release|Any CPU
		{312B14BF-6208-4E10-81A8-53263C66DEB0}.Debug|Any CPU.ActiveCfg = Debug|Any CPU
		{312B14BF-6208-4E10-81A8-53263C66DEB0}.Debug|Any CPU.Build.0 = Debug|Any CPU
		{312B14BF-6208-4E10-81A8-53263C66DEB0}.Debug|x64.ActiveCfg = Debug|Any CPU
		{312B14BF-6208-4E10-81A8-53263C66DEB0}.Debug|x64.Build.0 = Debug|Any CPU
		{312B14BF-6208-4E10-81A8-53263C66DEB0}.Debug|x86.ActiveCfg = Debug|Any CPU
		{312B14BF-6208-4E10-81A8-53263C66DEB0}.Debug|x86.Build.0 = Debug|Any CPU
		{312B14BF-6208-4E10-81A8-53263C66DEB0}.Release|Any CPU.ActiveCfg = Release|Any CPU
		{312B14BF-6208-4E10-81A8-53263C66DEB0}.Release|Any CPU.Build.0 = Release|Any CPU
		{312B14BF-6208-4E10-81A8-53263C66DEB0}.Release|x64.ActiveCfg = Release|Any CPU
		{312B14BF-6208-4E10-81A8-53263C66DEB0}.Release|x64.Build.0 = Release|Any CPU
		{312B14BF-6208-4E10-81A8-53263C66DEB0}.Release|x86.ActiveCfg = Release|Any CPU
		{312B14BF-6208-4E10-81A8-53263C66DEB0}.Release|x86.Build.0 = Release|Any CPU
		{8DCB04EE-4007-4AE3-A27B-DE63CDCAF0E5}.Debug|Any CPU.ActiveCfg = Debug|Any CPU
		{8DCB04EE-4007-4AE3-A27B-DE63CDCAF0E5}.Debug|Any CPU.Build.0 = Debug|Any CPU
		{8DCB04EE-4007-4AE3-A27B-DE63CDCAF0E5}.Debug|x64.ActiveCfg = Debug|Any CPU
		{8DCB04EE-4007-4AE3-A27B-DE63CDCAF0E5}.Debug|x64.Build.0 = Debug|Any CPU
		{8DCB04EE-4007-4AE3-A27B-DE63CDCAF0E5}.Debug|x86.ActiveCfg = Debug|Any CPU
		{8DCB04EE-4007-4AE3-A27B-DE63CDCAF0E5}.Debug|x86.Build.0 = Debug|Any CPU
		{8DCB04EE-4007-4AE3-A27B-DE63CDCAF0E5}.Release|Any CPU.ActiveCfg = Release|Any CPU
		{8DCB04EE-4007-4AE3-A27B-DE63CDCAF0E5}.Release|Any CPU.Build.0 = Release|Any CPU
		{8DCB04EE-4007-4AE3-A27B-DE63CDCAF0E5}.Release|x64.ActiveCfg = Release|Any CPU
		{8DCB04EE-4007-4AE3-A27B-DE63CDCAF0E5}.Release|x64.Build.0 = Release|Any CPU
		{8DCB04EE-4007-4AE3-A27B-DE63CDCAF0E5}.Release|x86.ActiveCfg = Release|Any CPU
		{8DCB04EE-4007-4AE3-A27B-DE63CDCAF0E5}.Release|x86.Build.0 = Release|Any CPU
		{BBE02246-FD88-4DF3-8141-940C7E73AF05}.Debug|Any CPU.ActiveCfg = Debug|Any CPU
		{BBE02246-FD88-4DF3-8141-940C7E73AF05}.Debug|Any CPU.Build.0 = Debug|Any CPU
		{BBE02246-FD88-4DF3-8141-940C7E73AF05}.Debug|x64.ActiveCfg = Debug|Any CPU
		{BBE02246-FD88-4DF3-8141-940C7E73AF05}.Debug|x64.Build.0 = Debug|Any CPU
		{BBE02246-FD88-4DF3-8141-940C7E73AF05}.Debug|x86.ActiveCfg = Debug|Any CPU
		{BBE02246-FD88-4DF3-8141-940C7E73AF05}.Debug|x86.Build.0 = Debug|Any CPU
		{BBE02246-FD88-4DF3-8141-940C7E73AF05}.Release|Any CPU.ActiveCfg = Release|Any CPU
		{BBE02246-FD88-4DF3-8141-940C7E73AF05}.Release|Any CPU.Build.0 = Release|Any CPU
		{BBE02246-FD88-4DF3-8141-940C7E73AF05}.Release|x64.ActiveCfg = Release|Any CPU
		{BBE02246-FD88-4DF3-8141-940C7E73AF05}.Release|x64.Build.0 = Release|Any CPU
		{BBE02246-FD88-4DF3-8141-940C7E73AF05}.Release|x86.ActiveCfg = Release|Any CPU
		{BBE02246-FD88-4DF3-8141-940C7E73AF05}.Release|x86.Build.0 = Release|Any CPU
	EndGlobalSection
	GlobalSection(SolutionProperties) = preSolution
		HideSolutionNode = FALSE
	EndGlobalSection
	GlobalSection(NestedProjects) = preSolution
		{46E3066C-2E87-4E69-A59C-DDB94D47BFF4} = {74D7ECF9-D1F6-46FA-B8D8-D34F86F713EA}
		{4B8D72A2-27D0-4437-A227-9734C99C033A} = {74D7ECF9-D1F6-46FA-B8D8-D34F86F713EA}
		{0C040E7C-8BF7-4EBD-8023-E6B259643DAD} = {74D7ECF9-D1F6-46FA-B8D8-D34F86F713EA}
		{E179EA56-DDBF-4680-993C-A819FCA5D855} = {74D7ECF9-D1F6-46FA-B8D8-D34F86F713EA}
		{E1149A6A-B6FE-4ECA-BA7A-6101E35C91E7} = {F7DC25BE-C8AA-4B1A-A752-70DB1234815E}
		{308BB750-C144-4197-8BF2-26D2D75E2661} = {F7DC25BE-C8AA-4B1A-A752-70DB1234815E}
		{6C7C070F-E6A7-40C2-882F-8DDED4D3AF64} = {F874D8E3-AE3E-4D16-8D1D-10D89412CAFC}
		{BB249978-3546-4BA0-8F43-620F9C437F38} = {669AA144-A769-4EA2-9A61-4CF58A84FB12}
		{C68009B1-28C1-4DFC-9806-F7030D658FB9} = {669AA144-A769-4EA2-9A61-4CF58A84FB12}
		{312B14BF-6208-4E10-81A8-53263C66DEB0} = {80273A51-C8E4-433F-BD7C-4336BEB04A1D}
		{8DCB04EE-4007-4AE3-A27B-DE63CDCAF0E5} = {74D7ECF9-D1F6-46FA-B8D8-D34F86F713EA}
		{BBE02246-FD88-4DF3-8141-940C7E73AF05} = {80273A51-C8E4-433F-BD7C-4336BEB04A1D}
	EndGlobalSection
	GlobalSection(ExtensibilityGlobals) = postSolution
		SolutionGuid = {09524C45-0D6D-4456-B89D-9673853B9FA0}
	EndGlobalSection
EndGlobal
