
Microsoft Visual Studio Solution File, Format Version 12.00
# Visual Studio Version 17
VisualStudioVersion = 17.0.32112.339
MinimumVisualStudioVersion = 10.0.40219.1
Project("{2150E333-8FDC-42A3-9474-1A3956D46DE8}") = "src", "src", "{74D7ECF9-D1F6-46FA-B8D8-D34F86F713EA}"
EndProject
Project("{9A19103F-16F7-4668-BE54-9A1E7A4F7556}") = "Durian", "src\Durian\Durian.csproj", "{F0846B2D-38D1-4A3C-8772-1851C0FA8508}"
EndProject
Project("{9A19103F-16F7-4668-BE54-9A1E7A4F7556}") = "Durian.Core", "src\Durian.Core\Durian.Core.csproj", "{46E3066C-2E87-4E69-A59C-DDB94D47BFF4}"
EndProject
Project("{9A19103F-16F7-4668-BE54-9A1E7A4F7556}") = "Durian.Core.Analyzer", "src\Durian.Core.Analyzer\Durian.Core.Analyzer.csproj", "{43327B39-9174-4EC6-9625-961D3499E0D9}"
EndProject
Project("{9A19103F-16F7-4668-BE54-9A1E7A4F7556}") = "Durian.AnalysisServices", "src\Durian.AnalysisServices\Durian.AnalysisServices.csproj", "{D076CABD-A1F7-4196-9D61-8544EF5FDA9D}"
EndProject
Project("{9A19103F-16F7-4668-BE54-9A1E7A4F7556}") = "Durian.TestServices", "src\Durian.TestServices\Durian.TestServices.csproj", "{C8207B53-8211-4D7D-9E71-798DB0202F80}"
EndProject
Project("{9A19103F-16F7-4668-BE54-9A1E7A4F7556}") = "Durian.DefaultParam", "src\Durian.DefaultParam\Durian.DefaultParam.csproj", "{999AEE74-9069-4CAC-BB44-CA60CA7E479A}"
EndProject
Project("{9A19103F-16F7-4668-BE54-9A1E7A4F7556}") = "Durian.FriendClass", "src\Durian.FriendClass\Durian.FriendClass.csproj", "{A1E85DFC-E7D9-44D7-96CA-2430C643DFD9}"
EndProject
Project("{9A19103F-16F7-4668-BE54-9A1E7A4F7556}") = "Durian.InterfaceTargets", "src\Durian.InterfaceTargets\Durian.InterfaceTargets.csproj", "{946E65E6-5235-47F2-949C-392CA45B8166}"
EndProject
Project("{2150E333-8FDC-42A3-9474-1A3956D46DE8}") = "tests", "tests", "{F6EC89D8-4343-42A1-B6D6-B0022D3004A0}"
EndProject
Project("{9A19103F-16F7-4668-BE54-9A1E7A4F7556}") = "Durian.Tests", "tests\Durian.Tests\Durian.Tests.csproj", "{41AAD539-10C2-4592-9B0F-BB3E35A782E0}"
EndProject
Project("{9A19103F-16F7-4668-BE54-9A1E7A4F7556}") = "Durian.DefaultParam.Tests", "tests\Durian.DefaultParam.Tests\Durian.DefaultParam.Tests.csproj", "{542B4582-19C0-418E-B5EA-29CA9CD225D0}"
EndProject
Project("{9A19103F-16F7-4668-BE54-9A1E7A4F7556}") = "Durian.AnalysisServices.Tests", "tests\Durian.AnalysisServices.Tests\Durian.AnalysisServices.Tests.csproj", "{5C21C0A5-6EFE-43E1-AEB5-23EAA4FDCBAA}"
EndProject
Project("{9A19103F-16F7-4668-BE54-9A1E7A4F7556}") = "Durian.InterfaceTargets.Tests", "tests\Durian.InterfaceTargets.Tests\Durian.InterfaceTargets.Tests.csproj", "{2FFC93C9-1D87-4366-AC28-B26D41C56620}"
EndProject
Project("{9A19103F-16F7-4668-BE54-9A1E7A4F7556}") = "Durian.FriendClass.Tests", "tests\Durian.FriendClass.Tests\Durian.FriendClass.Tests.csproj", "{498E3E94-34E3-489D-B1E5-14ECB2A568C0}"
EndProject
Project("{2150E333-8FDC-42A3-9474-1A3956D46DE8}") = "internal", "internal", "{80273A51-C8E4-433F-BD7C-4336BEB04A1D}"
	ProjectSection(SolutionItems) = preProject
		internal\README.md = internal\README.md
	EndProjectSection
EndProject
Project("{2150E333-8FDC-42A3-9474-1A3956D46DE8}") = "samples", "samples", "{D98DD137-AADE-4474-86EF-9F0874607687}"
EndProject
Project("{9A19103F-16F7-4668-BE54-9A1E7A4F7556}") = "Durian.Samples.DefaultParam", "samples\Durian.Samples.DefaultParam\Durian.Samples.DefaultParam.csproj", "{3B778CDC-7A0E-4D5B-A76E-704E0F854EE9}"
EndProject
Project("{9A19103F-16F7-4668-BE54-9A1E7A4F7556}") = "Durian.Samples.InterfaceTargets", "samples\Durian.Samples.InterfaceTargets\Durian.Samples.InterfaceTargets.csproj", "{8CACC9A2-DD96-4670-9848-7CC9CE544C86}"
EndProject
Project("{9A19103F-16F7-4668-BE54-9A1E7A4F7556}") = "Durian.Samples.FriendClass", "samples\Durian.Samples.FriendClass\Durian.Samples.FriendClass.csproj", "{2B7CA60B-F172-4DEB-946E-992140A817EC}"
EndProject
Project("{9A19103F-16F7-4668-BE54-9A1E7A4F7556}") = "GenerateAnalyzerReleases", "internal\GenerateAnalyzerReleases\GenerateAnalyzerReleases.csproj", "{312B14BF-6208-4E10-81A8-53263C66DEB0}"
EndProject
Project("{9A19103F-16F7-4668-BE54-9A1E7A4F7556}") = "GenerateModuleRepository", "internal\GenerateModuleRepository\GenerateModuleRepository.csproj", "{BBE02246-FD88-4DF3-8141-940C7E73AF05}"
EndProject
Project("{2150E333-8FDC-42A3-9474-1A3956D46DE8}") = "items", "items", "{669AA144-A769-4EA2-9A61-4CF58A84FB12}"
	ProjectSection(SolutionItems) = preProject
		.editorconfig = .editorconfig
		.gitattributes = .gitattributes
		.gitignore = .gitignore
		Directory.Build.props = Directory.Build.props
		durian.json = durian.json
		LICENSE.md = LICENSE.md
		README.md = README.md
	EndProjectSection
EndProject
Project("{2150E333-8FDC-42A3-9474-1A3956D46DE8}") = "docs", "docs", "{BA3DE2E2-7B32-4612-8219-24FBCF850813}"
EndProject
Project("{2150E333-8FDC-42A3-9474-1A3956D46DE8}") = "Core", "Core", "{A6400D35-731B-41E1-A752-0D39F0169B90}"
	ProjectSection(SolutionItems) = preProject
		docs\Core\DUR0001.md = docs\Core\DUR0001.md
		docs\Core\DUR0002.md = docs\Core\DUR0002.md
		docs\Core\DUR0003.md = docs\Core\DUR0003.md
		docs\Core\DUR0004.md = docs\Core\DUR0004.md
		docs\Core\DUR0005.md = docs\Core\DUR0005.md
		docs\Core\DUR0007.md = docs\Core\DUR0007.md
		docs\Core\DUR0008.md = docs\Core\DUR0008.md
	EndProjectSection
EndProject
Project("{2150E333-8FDC-42A3-9474-1A3956D46DE8}") = "DefaultParam", "DefaultParam", "{ED212D80-C490-4BDB-801C-E487EB7E390D}"
	ProjectSection(SolutionItems) = preProject
		docs\DefaultParam\DUR0101.md = docs\DefaultParam\DUR0101.md
		docs\DefaultParam\DUR0102.md = docs\DefaultParam\DUR0102.md
		docs\DefaultParam\DUR0103.md = docs\DefaultParam\DUR0103.md
		docs\DefaultParam\DUR0104.md = docs\DefaultParam\DUR0104.md
		docs\DefaultParam\DUR0105.md = docs\DefaultParam\DUR0105.md
		docs\DefaultParam\DUR0106.md = docs\DefaultParam\DUR0106.md
		docs\DefaultParam\DUR0107.md = docs\DefaultParam\DUR0107.md
		docs\DefaultParam\DUR0108.md = docs\DefaultParam\DUR0108.md
		docs\DefaultParam\DUR0109.md = docs\DefaultParam\DUR0109.md
		docs\DefaultParam\DUR0110.md = docs\DefaultParam\DUR0110.md
		docs\DefaultParam\DUR0111.md = docs\DefaultParam\DUR0111.md
		docs\DefaultParam\DUR0112.md = docs\DefaultParam\DUR0112.md
		docs\DefaultParam\DUR0113.md = docs\DefaultParam\DUR0113.md
		docs\DefaultParam\DUR0114.md = docs\DefaultParam\DUR0114.md
		docs\DefaultParam\DUR0115.md = docs\DefaultParam\DUR0115.md
		docs\DefaultParam\DUR0116.md = docs\DefaultParam\DUR0116.md
		docs\DefaultParam\DUR0117.md = docs\DefaultParam\DUR0117.md
		docs\DefaultParam\DUR0118.md = docs\DefaultParam\DUR0118.md
		docs\DefaultParam\DUR0119.md = docs\DefaultParam\DUR0119.md
		docs\DefaultParam\DUR0120.md = docs\DefaultParam\DUR0120.md
		docs\DefaultParam\DUR0121.md = docs\DefaultParam\DUR0121.md
		docs\DefaultParam\DUR0122.md = docs\DefaultParam\DUR0122.md
		docs\DefaultParam\DUR0123.md = docs\DefaultParam\DUR0123.md
		docs\DefaultParam\DUR0124.md = docs\DefaultParam\DUR0124.md
		docs\DefaultParam\DUR0125.md = docs\DefaultParam\DUR0125.md
		docs\DefaultParam\DUR0126.md = docs\DefaultParam\DUR0126.md
		docs\DefaultParam\DUR0127.md = docs\DefaultParam\DUR0127.md
		docs\DefaultParam\DUR0128.md = docs\DefaultParam\DUR0128.md
		docs\DefaultParam\DUR0129.md = docs\DefaultParam\DUR0129.md
	EndProjectSection
EndProject
Project("{2150E333-8FDC-42A3-9474-1A3956D46DE8}") = "FriendClass", "FriendClass", "{F883B125-35E9-4047-9FFD-6D643D48CF8A}"
	ProjectSection(SolutionItems) = preProject
		docs\FriendClass\DUR0301.md = docs\FriendClass\DUR0301.md
		docs\FriendClass\DUR0302.md = docs\FriendClass\DUR0302.md
		docs\FriendClass\DUR0303.md = docs\FriendClass\DUR0303.md
		docs\FriendClass\DUR0304.md = docs\FriendClass\DUR0304.md
		docs\FriendClass\DUR0305.md = docs\FriendClass\DUR0305.md
		docs\FriendClass\DUR0306.md = docs\FriendClass\DUR0306.md
		docs\FriendClass\DUR0307.md = docs\FriendClass\DUR0307.md
		docs\FriendClass\DUR0308.md = docs\FriendClass\DUR0308.md
		docs\FriendClass\DUR0309.md = docs\FriendClass\DUR0309.md
		docs\FriendClass\DUR0310.md = docs\FriendClass\DUR0310.md
		docs\FriendClass\DUR0311.md = docs\FriendClass\DUR0311.md
		docs\FriendClass\DUR0312.md = docs\FriendClass\DUR0312.md
		docs\FriendClass\DUR0313.md = docs\FriendClass\DUR0313.md
		docs\FriendClass\DUR0314.md = docs\FriendClass\DUR0314.md
		docs\FriendClass\DUR0315.md = docs\FriendClass\DUR0315.md
		docs\FriendClass\DUR0316.md = docs\FriendClass\DUR0316.md
	EndProjectSection
EndProject
Project("{2150E333-8FDC-42A3-9474-1A3956D46DE8}") = "InterfaceTargets", "InterfaceTargets", "{5F891978-E8BA-423F-9125-F02EB33494C4}"
	ProjectSection(SolutionItems) = preProject
		docs\InterfaceTargets\DUR0401.md = docs\InterfaceTargets\DUR0401.md
		docs\InterfaceTargets\DUR0402.md = docs\InterfaceTargets\DUR0402.md
		docs\InterfaceTargets\DUR0403.md = docs\InterfaceTargets\DUR0403.md
	EndProjectSection
EndProject
Project("{2150E333-8FDC-42A3-9474-1A3956D46DE8}") = "img", "img", "{180C285B-7C46-4E5B-9DC9-88439B518746}"
EndProject
Project("{2150E333-8FDC-42A3-9474-1A3956D46DE8}") = "icons", "icons", "{1321229E-C3C2-4B4B-AD81-88B76CB4A938}"
	ProjectSection(SolutionItems) = preProject
		img\icons\Durian-256.png = img\icons\Durian-256.png
		img\icons\Durian-pkg-icon-128.png = img\icons\Durian-pkg-icon-128.png
		img\icons\Durian.Core-256.png = img\icons\Durian.Core-256.png
		img\icons\Durian.Core.svg = img\icons\Durian.Core.svg
		img\icons\Durian.DefaultParam-256.png = img\icons\Durian.DefaultParam-256.png
		img\icons\Durian.DefaultParam.svg = img\icons\Durian.DefaultParam.svg
		img\icons\Durian.svg = img\icons\Durian.svg
	EndProjectSection
EndProject
Project("{2150E333-8FDC-42A3-9474-1A3956D46DE8}") = ".github", ".github", "{2C1EE0FE-BA67-4CD0-88B8-6DCAFC9806F1}"
EndProject
Project("{2150E333-8FDC-42A3-9474-1A3956D46DE8}") = "workflows", "workflows", "{508BEDA0-0AE7-455C-A432-37575FEBA0F3}"
	ProjectSection(SolutionItems) = preProject
		.github\workflows\dotnet.yml = .github\workflows\dotnet.yml
	EndProjectSection
EndProject
Project("{9A19103F-16F7-4668-BE54-9A1E7A4F7556}") = "Durian.CopyFrom", "src\Durian.CopyFrom\Durian.CopyFrom.csproj", "{BC30614D-F0C9-4DA5-9DAE-A55730EE3916}"
EndProject
Project("{9A19103F-16F7-4668-BE54-9A1E7A4F7556}") = "Durian.CopyFrom.Tests", "tests\Durian.CopyFrom.Tests\Durian.CopyFrom.Tests.csproj", "{99672AD8-65D0-4F8F-95D1-ADF6839F5584}"
EndProject
Project("{2150E333-8FDC-42A3-9474-1A3956D46DE8}") = "CopyFrom", "CopyFrom", "{072AEE81-1199-4446-B2D5-54384D23DAE0}"
	ProjectSection(SolutionItems) = preProject
		docs\CopyFrom\DUR0201.md = docs\CopyFrom\DUR0201.md
		docs\CopyFrom\DUR0202.md = docs\CopyFrom\DUR0202.md
		docs\CopyFrom\DUR0203.md = docs\CopyFrom\DUR0203.md
		docs\CopyFrom\DUR0204.md = docs\CopyFrom\DUR0204.md
		docs\CopyFrom\DUR0205.md = docs\CopyFrom\DUR0205.md
		docs\CopyFrom\DUR0206.md = docs\CopyFrom\DUR0206.md
		docs\CopyFrom\DUR0207.md = docs\CopyFrom\DUR0207.md
		docs\CopyFrom\DUR0208.md = docs\CopyFrom\DUR0208.md
		docs\CopyFrom\DUR0209.md = docs\CopyFrom\DUR0209.md
		docs\CopyFrom\DUR0210.md = docs\CopyFrom\DUR0210.md
		docs\CopyFrom\DUR0211.md = docs\CopyFrom\DUR0211.md
		docs\CopyFrom\DUR0212.md = docs\CopyFrom\DUR0212.md
		docs\CopyFrom\DUR0213.md = docs\CopyFrom\DUR0213.md
		docs\CopyFrom\DUR0214.md = docs\CopyFrom\DUR0214.md
		docs\CopyFrom\DUR0215.md = docs\CopyFrom\DUR0215.md
		docs\CopyFrom\DUR0216.md = docs\CopyFrom\DUR0216.md
		docs\CopyFrom\DUR0217.md = docs\CopyFrom\DUR0217.md
	EndProjectSection
EndProject
Global
	GlobalSection(SolutionConfigurationPlatforms) = preSolution
		Debug|Any CPU = Debug|Any CPU
		Debug|x64 = Debug|x64
		Debug|x86 = Debug|x86
		Release|Any CPU = Release|Any CPU
		Release|x64 = Release|x64
		Release|x86 = Release|x86
	EndGlobalSection
	GlobalSection(ProjectConfigurationPlatforms) = postSolution
		{F0846B2D-38D1-4A3C-8772-1851C0FA8508}.Debug|Any CPU.ActiveCfg = Debug|Any CPU
		{F0846B2D-38D1-4A3C-8772-1851C0FA8508}.Debug|Any CPU.Build.0 = Debug|Any CPU
		{F0846B2D-38D1-4A3C-8772-1851C0FA8508}.Debug|x64.ActiveCfg = Debug|Any CPU
		{F0846B2D-38D1-4A3C-8772-1851C0FA8508}.Debug|x64.Build.0 = Debug|Any CPU
		{F0846B2D-38D1-4A3C-8772-1851C0FA8508}.Debug|x86.ActiveCfg = Debug|Any CPU
		{F0846B2D-38D1-4A3C-8772-1851C0FA8508}.Debug|x86.Build.0 = Debug|Any CPU
		{F0846B2D-38D1-4A3C-8772-1851C0FA8508}.Release|Any CPU.ActiveCfg = Release|Any CPU
		{F0846B2D-38D1-4A3C-8772-1851C0FA8508}.Release|Any CPU.Build.0 = Release|Any CPU
		{F0846B2D-38D1-4A3C-8772-1851C0FA8508}.Release|x64.ActiveCfg = Release|Any CPU
		{F0846B2D-38D1-4A3C-8772-1851C0FA8508}.Release|x64.Build.0 = Release|Any CPU
		{F0846B2D-38D1-4A3C-8772-1851C0FA8508}.Release|x86.ActiveCfg = Release|Any CPU
		{F0846B2D-38D1-4A3C-8772-1851C0FA8508}.Release|x86.Build.0 = Release|Any CPU
		{46E3066C-2E87-4E69-A59C-DDB94D47BFF4}.Debug|Any CPU.ActiveCfg = Debug|Any CPU
		{46E3066C-2E87-4E69-A59C-DDB94D47BFF4}.Debug|Any CPU.Build.0 = Debug|Any CPU
		{46E3066C-2E87-4E69-A59C-DDB94D47BFF4}.Debug|x64.ActiveCfg = Debug|Any CPU
		{46E3066C-2E87-4E69-A59C-DDB94D47BFF4}.Debug|x64.Build.0 = Debug|Any CPU
		{46E3066C-2E87-4E69-A59C-DDB94D47BFF4}.Debug|x86.ActiveCfg = Debug|Any CPU
		{46E3066C-2E87-4E69-A59C-DDB94D47BFF4}.Debug|x86.Build.0 = Debug|Any CPU
		{46E3066C-2E87-4E69-A59C-DDB94D47BFF4}.Release|Any CPU.ActiveCfg = Release|Any CPU
		{46E3066C-2E87-4E69-A59C-DDB94D47BFF4}.Release|Any CPU.Build.0 = Release|Any CPU
		{46E3066C-2E87-4E69-A59C-DDB94D47BFF4}.Release|x64.ActiveCfg = Release|Any CPU
		{46E3066C-2E87-4E69-A59C-DDB94D47BFF4}.Release|x64.Build.0 = Release|Any CPU
		{46E3066C-2E87-4E69-A59C-DDB94D47BFF4}.Release|x86.ActiveCfg = Release|Any CPU
		{46E3066C-2E87-4E69-A59C-DDB94D47BFF4}.Release|x86.Build.0 = Release|Any CPU
		{43327B39-9174-4EC6-9625-961D3499E0D9}.Debug|Any CPU.ActiveCfg = Debug|Any CPU
		{43327B39-9174-4EC6-9625-961D3499E0D9}.Debug|Any CPU.Build.0 = Debug|Any CPU
		{43327B39-9174-4EC6-9625-961D3499E0D9}.Debug|x64.ActiveCfg = Debug|Any CPU
		{43327B39-9174-4EC6-9625-961D3499E0D9}.Debug|x64.Build.0 = Debug|Any CPU
		{43327B39-9174-4EC6-9625-961D3499E0D9}.Debug|x86.ActiveCfg = Debug|Any CPU
		{43327B39-9174-4EC6-9625-961D3499E0D9}.Debug|x86.Build.0 = Debug|Any CPU
		{43327B39-9174-4EC6-9625-961D3499E0D9}.Release|Any CPU.ActiveCfg = Release|Any CPU
		{43327B39-9174-4EC6-9625-961D3499E0D9}.Release|Any CPU.Build.0 = Release|Any CPU
		{43327B39-9174-4EC6-9625-961D3499E0D9}.Release|x64.ActiveCfg = Release|Any CPU
		{43327B39-9174-4EC6-9625-961D3499E0D9}.Release|x64.Build.0 = Release|Any CPU
		{43327B39-9174-4EC6-9625-961D3499E0D9}.Release|x86.ActiveCfg = Release|Any CPU
		{43327B39-9174-4EC6-9625-961D3499E0D9}.Release|x86.Build.0 = Release|Any CPU
		{D076CABD-A1F7-4196-9D61-8544EF5FDA9D}.Debug|Any CPU.ActiveCfg = Debug|Any CPU
		{D076CABD-A1F7-4196-9D61-8544EF5FDA9D}.Debug|Any CPU.Build.0 = Debug|Any CPU
		{D076CABD-A1F7-4196-9D61-8544EF5FDA9D}.Debug|x64.ActiveCfg = Debug|Any CPU
		{D076CABD-A1F7-4196-9D61-8544EF5FDA9D}.Debug|x64.Build.0 = Debug|Any CPU
		{D076CABD-A1F7-4196-9D61-8544EF5FDA9D}.Debug|x86.ActiveCfg = Debug|Any CPU
		{D076CABD-A1F7-4196-9D61-8544EF5FDA9D}.Debug|x86.Build.0 = Debug|Any CPU
		{D076CABD-A1F7-4196-9D61-8544EF5FDA9D}.Release|Any CPU.ActiveCfg = Release|Any CPU
		{D076CABD-A1F7-4196-9D61-8544EF5FDA9D}.Release|Any CPU.Build.0 = Release|Any CPU
		{D076CABD-A1F7-4196-9D61-8544EF5FDA9D}.Release|x64.ActiveCfg = Release|Any CPU
		{D076CABD-A1F7-4196-9D61-8544EF5FDA9D}.Release|x64.Build.0 = Release|Any CPU
		{D076CABD-A1F7-4196-9D61-8544EF5FDA9D}.Release|x86.ActiveCfg = Release|Any CPU
		{D076CABD-A1F7-4196-9D61-8544EF5FDA9D}.Release|x86.Build.0 = Release|Any CPU
		{C8207B53-8211-4D7D-9E71-798DB0202F80}.Debug|Any CPU.ActiveCfg = Debug|Any CPU
		{C8207B53-8211-4D7D-9E71-798DB0202F80}.Debug|Any CPU.Build.0 = Debug|Any CPU
		{C8207B53-8211-4D7D-9E71-798DB0202F80}.Debug|x64.ActiveCfg = Debug|Any CPU
		{C8207B53-8211-4D7D-9E71-798DB0202F80}.Debug|x64.Build.0 = Debug|Any CPU
		{C8207B53-8211-4D7D-9E71-798DB0202F80}.Debug|x86.ActiveCfg = Debug|Any CPU
		{C8207B53-8211-4D7D-9E71-798DB0202F80}.Debug|x86.Build.0 = Debug|Any CPU
		{C8207B53-8211-4D7D-9E71-798DB0202F80}.Release|Any CPU.ActiveCfg = Release|Any CPU
		{C8207B53-8211-4D7D-9E71-798DB0202F80}.Release|Any CPU.Build.0 = Release|Any CPU
		{C8207B53-8211-4D7D-9E71-798DB0202F80}.Release|x64.ActiveCfg = Release|Any CPU
		{C8207B53-8211-4D7D-9E71-798DB0202F80}.Release|x64.Build.0 = Release|Any CPU
		{C8207B53-8211-4D7D-9E71-798DB0202F80}.Release|x86.ActiveCfg = Release|Any CPU
		{C8207B53-8211-4D7D-9E71-798DB0202F80}.Release|x86.Build.0 = Release|Any CPU
		{999AEE74-9069-4CAC-BB44-CA60CA7E479A}.Debug|Any CPU.ActiveCfg = Debug|Any CPU
		{999AEE74-9069-4CAC-BB44-CA60CA7E479A}.Debug|Any CPU.Build.0 = Debug|Any CPU
		{999AEE74-9069-4CAC-BB44-CA60CA7E479A}.Debug|x64.ActiveCfg = Debug|Any CPU
		{999AEE74-9069-4CAC-BB44-CA60CA7E479A}.Debug|x64.Build.0 = Debug|Any CPU
		{999AEE74-9069-4CAC-BB44-CA60CA7E479A}.Debug|x86.ActiveCfg = Debug|Any CPU
		{999AEE74-9069-4CAC-BB44-CA60CA7E479A}.Debug|x86.Build.0 = Debug|Any CPU
		{999AEE74-9069-4CAC-BB44-CA60CA7E479A}.Release|Any CPU.ActiveCfg = Release|Any CPU
		{999AEE74-9069-4CAC-BB44-CA60CA7E479A}.Release|Any CPU.Build.0 = Release|Any CPU
		{999AEE74-9069-4CAC-BB44-CA60CA7E479A}.Release|x64.ActiveCfg = Release|Any CPU
		{999AEE74-9069-4CAC-BB44-CA60CA7E479A}.Release|x64.Build.0 = Release|Any CPU
		{999AEE74-9069-4CAC-BB44-CA60CA7E479A}.Release|x86.ActiveCfg = Release|Any CPU
		{999AEE74-9069-4CAC-BB44-CA60CA7E479A}.Release|x86.Build.0 = Release|Any CPU
		{A1E85DFC-E7D9-44D7-96CA-2430C643DFD9}.Debug|Any CPU.ActiveCfg = Debug|Any CPU
		{A1E85DFC-E7D9-44D7-96CA-2430C643DFD9}.Debug|Any CPU.Build.0 = Debug|Any CPU
		{A1E85DFC-E7D9-44D7-96CA-2430C643DFD9}.Debug|x64.ActiveCfg = Debug|Any CPU
		{A1E85DFC-E7D9-44D7-96CA-2430C643DFD9}.Debug|x64.Build.0 = Debug|Any CPU
		{A1E85DFC-E7D9-44D7-96CA-2430C643DFD9}.Debug|x86.ActiveCfg = Debug|Any CPU
		{A1E85DFC-E7D9-44D7-96CA-2430C643DFD9}.Debug|x86.Build.0 = Debug|Any CPU
		{A1E85DFC-E7D9-44D7-96CA-2430C643DFD9}.Release|Any CPU.ActiveCfg = Release|Any CPU
		{A1E85DFC-E7D9-44D7-96CA-2430C643DFD9}.Release|Any CPU.Build.0 = Release|Any CPU
		{A1E85DFC-E7D9-44D7-96CA-2430C643DFD9}.Release|x64.ActiveCfg = Release|Any CPU
		{A1E85DFC-E7D9-44D7-96CA-2430C643DFD9}.Release|x64.Build.0 = Release|Any CPU
		{A1E85DFC-E7D9-44D7-96CA-2430C643DFD9}.Release|x86.ActiveCfg = Release|Any CPU
		{A1E85DFC-E7D9-44D7-96CA-2430C643DFD9}.Release|x86.Build.0 = Release|Any CPU
		{946E65E6-5235-47F2-949C-392CA45B8166}.Debug|Any CPU.ActiveCfg = Debug|Any CPU
		{946E65E6-5235-47F2-949C-392CA45B8166}.Debug|Any CPU.Build.0 = Debug|Any CPU
		{946E65E6-5235-47F2-949C-392CA45B8166}.Debug|x64.ActiveCfg = Debug|Any CPU
		{946E65E6-5235-47F2-949C-392CA45B8166}.Debug|x64.Build.0 = Debug|Any CPU
		{946E65E6-5235-47F2-949C-392CA45B8166}.Debug|x86.ActiveCfg = Debug|Any CPU
		{946E65E6-5235-47F2-949C-392CA45B8166}.Debug|x86.Build.0 = Debug|Any CPU
		{946E65E6-5235-47F2-949C-392CA45B8166}.Release|Any CPU.ActiveCfg = Release|Any CPU
		{946E65E6-5235-47F2-949C-392CA45B8166}.Release|Any CPU.Build.0 = Release|Any CPU
		{946E65E6-5235-47F2-949C-392CA45B8166}.Release|x64.ActiveCfg = Release|Any CPU
		{946E65E6-5235-47F2-949C-392CA45B8166}.Release|x64.Build.0 = Release|Any CPU
		{946E65E6-5235-47F2-949C-392CA45B8166}.Release|x86.ActiveCfg = Release|Any CPU
		{946E65E6-5235-47F2-949C-392CA45B8166}.Release|x86.Build.0 = Release|Any CPU
		{41AAD539-10C2-4592-9B0F-BB3E35A782E0}.Debug|Any CPU.ActiveCfg = Debug|Any CPU
		{41AAD539-10C2-4592-9B0F-BB3E35A782E0}.Debug|Any CPU.Build.0 = Debug|Any CPU
		{41AAD539-10C2-4592-9B0F-BB3E35A782E0}.Debug|x64.ActiveCfg = Debug|Any CPU
		{41AAD539-10C2-4592-9B0F-BB3E35A782E0}.Debug|x64.Build.0 = Debug|Any CPU
		{41AAD539-10C2-4592-9B0F-BB3E35A782E0}.Debug|x86.ActiveCfg = Debug|Any CPU
		{41AAD539-10C2-4592-9B0F-BB3E35A782E0}.Debug|x86.Build.0 = Debug|Any CPU
		{41AAD539-10C2-4592-9B0F-BB3E35A782E0}.Release|Any CPU.ActiveCfg = Release|Any CPU
		{41AAD539-10C2-4592-9B0F-BB3E35A782E0}.Release|Any CPU.Build.0 = Release|Any CPU
		{41AAD539-10C2-4592-9B0F-BB3E35A782E0}.Release|x64.ActiveCfg = Release|Any CPU
		{41AAD539-10C2-4592-9B0F-BB3E35A782E0}.Release|x64.Build.0 = Release|Any CPU
		{41AAD539-10C2-4592-9B0F-BB3E35A782E0}.Release|x86.ActiveCfg = Release|Any CPU
		{41AAD539-10C2-4592-9B0F-BB3E35A782E0}.Release|x86.Build.0 = Release|Any CPU
		{542B4582-19C0-418E-B5EA-29CA9CD225D0}.Debug|Any CPU.ActiveCfg = Debug|Any CPU
		{542B4582-19C0-418E-B5EA-29CA9CD225D0}.Debug|Any CPU.Build.0 = Debug|Any CPU
		{542B4582-19C0-418E-B5EA-29CA9CD225D0}.Debug|x64.ActiveCfg = Debug|Any CPU
		{542B4582-19C0-418E-B5EA-29CA9CD225D0}.Debug|x64.Build.0 = Debug|Any CPU
		{542B4582-19C0-418E-B5EA-29CA9CD225D0}.Debug|x86.ActiveCfg = Debug|Any CPU
		{542B4582-19C0-418E-B5EA-29CA9CD225D0}.Debug|x86.Build.0 = Debug|Any CPU
		{542B4582-19C0-418E-B5EA-29CA9CD225D0}.Release|Any CPU.ActiveCfg = Release|Any CPU
		{542B4582-19C0-418E-B5EA-29CA9CD225D0}.Release|Any CPU.Build.0 = Release|Any CPU
		{542B4582-19C0-418E-B5EA-29CA9CD225D0}.Release|x64.ActiveCfg = Release|Any CPU
		{542B4582-19C0-418E-B5EA-29CA9CD225D0}.Release|x64.Build.0 = Release|Any CPU
		{542B4582-19C0-418E-B5EA-29CA9CD225D0}.Release|x86.ActiveCfg = Release|Any CPU
		{542B4582-19C0-418E-B5EA-29CA9CD225D0}.Release|x86.Build.0 = Release|Any CPU
		{5C21C0A5-6EFE-43E1-AEB5-23EAA4FDCBAA}.Debug|Any CPU.ActiveCfg = Debug|Any CPU
		{5C21C0A5-6EFE-43E1-AEB5-23EAA4FDCBAA}.Debug|Any CPU.Build.0 = Debug|Any CPU
		{5C21C0A5-6EFE-43E1-AEB5-23EAA4FDCBAA}.Debug|x64.ActiveCfg = Debug|Any CPU
		{5C21C0A5-6EFE-43E1-AEB5-23EAA4FDCBAA}.Debug|x64.Build.0 = Debug|Any CPU
		{5C21C0A5-6EFE-43E1-AEB5-23EAA4FDCBAA}.Debug|x86.ActiveCfg = Debug|Any CPU
		{5C21C0A5-6EFE-43E1-AEB5-23EAA4FDCBAA}.Debug|x86.Build.0 = Debug|Any CPU
		{5C21C0A5-6EFE-43E1-AEB5-23EAA4FDCBAA}.Release|Any CPU.ActiveCfg = Release|Any CPU
		{5C21C0A5-6EFE-43E1-AEB5-23EAA4FDCBAA}.Release|Any CPU.Build.0 = Release|Any CPU
		{5C21C0A5-6EFE-43E1-AEB5-23EAA4FDCBAA}.Release|x64.ActiveCfg = Release|Any CPU
		{5C21C0A5-6EFE-43E1-AEB5-23EAA4FDCBAA}.Release|x64.Build.0 = Release|Any CPU
		{5C21C0A5-6EFE-43E1-AEB5-23EAA4FDCBAA}.Release|x86.ActiveCfg = Release|Any CPU
		{5C21C0A5-6EFE-43E1-AEB5-23EAA4FDCBAA}.Release|x86.Build.0 = Release|Any CPU
		{2FFC93C9-1D87-4366-AC28-B26D41C56620}.Debug|Any CPU.ActiveCfg = Debug|Any CPU
		{2FFC93C9-1D87-4366-AC28-B26D41C56620}.Debug|Any CPU.Build.0 = Debug|Any CPU
		{2FFC93C9-1D87-4366-AC28-B26D41C56620}.Debug|x64.ActiveCfg = Debug|Any CPU
		{2FFC93C9-1D87-4366-AC28-B26D41C56620}.Debug|x64.Build.0 = Debug|Any CPU
		{2FFC93C9-1D87-4366-AC28-B26D41C56620}.Debug|x86.ActiveCfg = Debug|Any CPU
		{2FFC93C9-1D87-4366-AC28-B26D41C56620}.Debug|x86.Build.0 = Debug|Any CPU
		{2FFC93C9-1D87-4366-AC28-B26D41C56620}.Release|Any CPU.ActiveCfg = Release|Any CPU
		{2FFC93C9-1D87-4366-AC28-B26D41C56620}.Release|Any CPU.Build.0 = Release|Any CPU
		{2FFC93C9-1D87-4366-AC28-B26D41C56620}.Release|x64.ActiveCfg = Release|Any CPU
		{2FFC93C9-1D87-4366-AC28-B26D41C56620}.Release|x64.Build.0 = Release|Any CPU
		{2FFC93C9-1D87-4366-AC28-B26D41C56620}.Release|x86.ActiveCfg = Release|Any CPU
		{2FFC93C9-1D87-4366-AC28-B26D41C56620}.Release|x86.Build.0 = Release|Any CPU
		{498E3E94-34E3-489D-B1E5-14ECB2A568C0}.Debug|Any CPU.ActiveCfg = Debug|Any CPU
		{498E3E94-34E3-489D-B1E5-14ECB2A568C0}.Debug|Any CPU.Build.0 = Debug|Any CPU
		{498E3E94-34E3-489D-B1E5-14ECB2A568C0}.Debug|x64.ActiveCfg = Debug|Any CPU
		{498E3E94-34E3-489D-B1E5-14ECB2A568C0}.Debug|x64.Build.0 = Debug|Any CPU
		{498E3E94-34E3-489D-B1E5-14ECB2A568C0}.Debug|x86.ActiveCfg = Debug|Any CPU
		{498E3E94-34E3-489D-B1E5-14ECB2A568C0}.Debug|x86.Build.0 = Debug|Any CPU
		{498E3E94-34E3-489D-B1E5-14ECB2A568C0}.Release|Any CPU.ActiveCfg = Release|Any CPU
		{498E3E94-34E3-489D-B1E5-14ECB2A568C0}.Release|Any CPU.Build.0 = Release|Any CPU
		{498E3E94-34E3-489D-B1E5-14ECB2A568C0}.Release|x64.ActiveCfg = Release|Any CPU
		{498E3E94-34E3-489D-B1E5-14ECB2A568C0}.Release|x64.Build.0 = Release|Any CPU
		{498E3E94-34E3-489D-B1E5-14ECB2A568C0}.Release|x86.ActiveCfg = Release|Any CPU
		{498E3E94-34E3-489D-B1E5-14ECB2A568C0}.Release|x86.Build.0 = Release|Any CPU
		{3B778CDC-7A0E-4D5B-A76E-704E0F854EE9}.Debug|Any CPU.ActiveCfg = Debug|Any CPU
		{3B778CDC-7A0E-4D5B-A76E-704E0F854EE9}.Debug|Any CPU.Build.0 = Debug|Any CPU
		{3B778CDC-7A0E-4D5B-A76E-704E0F854EE9}.Debug|x64.ActiveCfg = Debug|Any CPU
		{3B778CDC-7A0E-4D5B-A76E-704E0F854EE9}.Debug|x64.Build.0 = Debug|Any CPU
		{3B778CDC-7A0E-4D5B-A76E-704E0F854EE9}.Debug|x86.ActiveCfg = Debug|Any CPU
		{3B778CDC-7A0E-4D5B-A76E-704E0F854EE9}.Debug|x86.Build.0 = Debug|Any CPU
		{3B778CDC-7A0E-4D5B-A76E-704E0F854EE9}.Release|Any CPU.ActiveCfg = Release|Any CPU
		{3B778CDC-7A0E-4D5B-A76E-704E0F854EE9}.Release|Any CPU.Build.0 = Release|Any CPU
		{3B778CDC-7A0E-4D5B-A76E-704E0F854EE9}.Release|x64.ActiveCfg = Release|Any CPU
		{3B778CDC-7A0E-4D5B-A76E-704E0F854EE9}.Release|x64.Build.0 = Release|Any CPU
		{3B778CDC-7A0E-4D5B-A76E-704E0F854EE9}.Release|x86.ActiveCfg = Release|Any CPU
		{3B778CDC-7A0E-4D5B-A76E-704E0F854EE9}.Release|x86.Build.0 = Release|Any CPU
		{8CACC9A2-DD96-4670-9848-7CC9CE544C86}.Debug|Any CPU.ActiveCfg = Debug|Any CPU
		{8CACC9A2-DD96-4670-9848-7CC9CE544C86}.Debug|Any CPU.Build.0 = Debug|Any CPU
		{8CACC9A2-DD96-4670-9848-7CC9CE544C86}.Debug|x64.ActiveCfg = Debug|Any CPU
		{8CACC9A2-DD96-4670-9848-7CC9CE544C86}.Debug|x64.Build.0 = Debug|Any CPU
		{8CACC9A2-DD96-4670-9848-7CC9CE544C86}.Debug|x86.ActiveCfg = Debug|Any CPU
		{8CACC9A2-DD96-4670-9848-7CC9CE544C86}.Debug|x86.Build.0 = Debug|Any CPU
		{8CACC9A2-DD96-4670-9848-7CC9CE544C86}.Release|Any CPU.ActiveCfg = Release|Any CPU
		{8CACC9A2-DD96-4670-9848-7CC9CE544C86}.Release|Any CPU.Build.0 = Release|Any CPU
		{8CACC9A2-DD96-4670-9848-7CC9CE544C86}.Release|x64.ActiveCfg = Release|Any CPU
		{8CACC9A2-DD96-4670-9848-7CC9CE544C86}.Release|x64.Build.0 = Release|Any CPU
		{8CACC9A2-DD96-4670-9848-7CC9CE544C86}.Release|x86.ActiveCfg = Release|Any CPU
		{8CACC9A2-DD96-4670-9848-7CC9CE544C86}.Release|x86.Build.0 = Release|Any CPU
		{2B7CA60B-F172-4DEB-946E-992140A817EC}.Debug|Any CPU.ActiveCfg = Debug|Any CPU
		{2B7CA60B-F172-4DEB-946E-992140A817EC}.Debug|Any CPU.Build.0 = Debug|Any CPU
		{2B7CA60B-F172-4DEB-946E-992140A817EC}.Debug|x64.ActiveCfg = Debug|Any CPU
		{2B7CA60B-F172-4DEB-946E-992140A817EC}.Debug|x64.Build.0 = Debug|Any CPU
		{2B7CA60B-F172-4DEB-946E-992140A817EC}.Debug|x86.ActiveCfg = Debug|Any CPU
		{2B7CA60B-F172-4DEB-946E-992140A817EC}.Debug|x86.Build.0 = Debug|Any CPU
		{2B7CA60B-F172-4DEB-946E-992140A817EC}.Release|Any CPU.ActiveCfg = Release|Any CPU
		{2B7CA60B-F172-4DEB-946E-992140A817EC}.Release|Any CPU.Build.0 = Release|Any CPU
		{2B7CA60B-F172-4DEB-946E-992140A817EC}.Release|x64.ActiveCfg = Release|Any CPU
		{2B7CA60B-F172-4DEB-946E-992140A817EC}.Release|x64.Build.0 = Release|Any CPU
		{2B7CA60B-F172-4DEB-946E-992140A817EC}.Release|x86.ActiveCfg = Release|Any CPU
		{2B7CA60B-F172-4DEB-946E-992140A817EC}.Release|x86.Build.0 = Release|Any CPU
		{312B14BF-6208-4E10-81A8-53263C66DEB0}.Debug|Any CPU.ActiveCfg = Debug|Any CPU
		{312B14BF-6208-4E10-81A8-53263C66DEB0}.Debug|Any CPU.Build.0 = Debug|Any CPU
		{312B14BF-6208-4E10-81A8-53263C66DEB0}.Debug|x64.ActiveCfg = Debug|Any CPU
		{312B14BF-6208-4E10-81A8-53263C66DEB0}.Debug|x64.Build.0 = Debug|Any CPU
		{312B14BF-6208-4E10-81A8-53263C66DEB0}.Debug|x86.ActiveCfg = Debug|Any CPU
		{312B14BF-6208-4E10-81A8-53263C66DEB0}.Debug|x86.Build.0 = Debug|Any CPU
		{312B14BF-6208-4E10-81A8-53263C66DEB0}.Release|Any CPU.ActiveCfg = Release|Any CPU
		{312B14BF-6208-4E10-81A8-53263C66DEB0}.Release|Any CPU.Build.0 = Release|Any CPU
		{312B14BF-6208-4E10-81A8-53263C66DEB0}.Release|x64.ActiveCfg = Release|Any CPU
		{312B14BF-6208-4E10-81A8-53263C66DEB0}.Release|x64.Build.0 = Release|Any CPU
		{312B14BF-6208-4E10-81A8-53263C66DEB0}.Release|x86.ActiveCfg = Release|Any CPU
		{312B14BF-6208-4E10-81A8-53263C66DEB0}.Release|x86.Build.0 = Release|Any CPU
		{BBE02246-FD88-4DF3-8141-940C7E73AF05}.Debug|Any CPU.ActiveCfg = Debug|Any CPU
		{BBE02246-FD88-4DF3-8141-940C7E73AF05}.Debug|Any CPU.Build.0 = Debug|Any CPU
		{BBE02246-FD88-4DF3-8141-940C7E73AF05}.Debug|x64.ActiveCfg = Debug|Any CPU
		{BBE02246-FD88-4DF3-8141-940C7E73AF05}.Debug|x64.Build.0 = Debug|Any CPU
		{BBE02246-FD88-4DF3-8141-940C7E73AF05}.Debug|x86.ActiveCfg = Debug|Any CPU
		{BBE02246-FD88-4DF3-8141-940C7E73AF05}.Debug|x86.Build.0 = Debug|Any CPU
		{BBE02246-FD88-4DF3-8141-940C7E73AF05}.Release|Any CPU.ActiveCfg = Release|Any CPU
		{BBE02246-FD88-4DF3-8141-940C7E73AF05}.Release|Any CPU.Build.0 = Release|Any CPU
		{BBE02246-FD88-4DF3-8141-940C7E73AF05}.Release|x64.ActiveCfg = Release|Any CPU
		{BBE02246-FD88-4DF3-8141-940C7E73AF05}.Release|x64.Build.0 = Release|Any CPU
		{BBE02246-FD88-4DF3-8141-940C7E73AF05}.Release|x86.ActiveCfg = Release|Any CPU
		{BBE02246-FD88-4DF3-8141-940C7E73AF05}.Release|x86.Build.0 = Release|Any CPU
		{BC30614D-F0C9-4DA5-9DAE-A55730EE3916}.Debug|Any CPU.ActiveCfg = Debug|Any CPU
		{BC30614D-F0C9-4DA5-9DAE-A55730EE3916}.Debug|Any CPU.Build.0 = Debug|Any CPU
		{BC30614D-F0C9-4DA5-9DAE-A55730EE3916}.Debug|x64.ActiveCfg = Debug|Any CPU
		{BC30614D-F0C9-4DA5-9DAE-A55730EE3916}.Debug|x64.Build.0 = Debug|Any CPU
		{BC30614D-F0C9-4DA5-9DAE-A55730EE3916}.Debug|x86.ActiveCfg = Debug|Any CPU
		{BC30614D-F0C9-4DA5-9DAE-A55730EE3916}.Debug|x86.Build.0 = Debug|Any CPU
		{BC30614D-F0C9-4DA5-9DAE-A55730EE3916}.Release|Any CPU.ActiveCfg = Release|Any CPU
		{BC30614D-F0C9-4DA5-9DAE-A55730EE3916}.Release|Any CPU.Build.0 = Release|Any CPU
		{BC30614D-F0C9-4DA5-9DAE-A55730EE3916}.Release|x64.ActiveCfg = Release|Any CPU
		{BC30614D-F0C9-4DA5-9DAE-A55730EE3916}.Release|x64.Build.0 = Release|Any CPU
		{BC30614D-F0C9-4DA5-9DAE-A55730EE3916}.Release|x86.ActiveCfg = Release|Any CPU
		{BC30614D-F0C9-4DA5-9DAE-A55730EE3916}.Release|x86.Build.0 = Release|Any CPU
		{99672AD8-65D0-4F8F-95D1-ADF6839F5584}.Debug|Any CPU.ActiveCfg = Debug|Any CPU
		{99672AD8-65D0-4F8F-95D1-ADF6839F5584}.Debug|Any CPU.Build.0 = Debug|Any CPU
		{99672AD8-65D0-4F8F-95D1-ADF6839F5584}.Debug|x64.ActiveCfg = Debug|Any CPU
		{99672AD8-65D0-4F8F-95D1-ADF6839F5584}.Debug|x64.Build.0 = Debug|Any CPU
		{99672AD8-65D0-4F8F-95D1-ADF6839F5584}.Debug|x86.ActiveCfg = Debug|Any CPU
		{99672AD8-65D0-4F8F-95D1-ADF6839F5584}.Debug|x86.Build.0 = Debug|Any CPU
		{99672AD8-65D0-4F8F-95D1-ADF6839F5584}.Release|Any CPU.ActiveCfg = Release|Any CPU
		{99672AD8-65D0-4F8F-95D1-ADF6839F5584}.Release|Any CPU.Build.0 = Release|Any CPU
		{99672AD8-65D0-4F8F-95D1-ADF6839F5584}.Release|x64.ActiveCfg = Release|Any CPU
		{99672AD8-65D0-4F8F-95D1-ADF6839F5584}.Release|x64.Build.0 = Release|Any CPU
		{99672AD8-65D0-4F8F-95D1-ADF6839F5584}.Release|x86.ActiveCfg = Release|Any CPU
		{99672AD8-65D0-4F8F-95D1-ADF6839F5584}.Release|x86.Build.0 = Release|Any CPU
	EndGlobalSection
	GlobalSection(SolutionProperties) = preSolution
		HideSolutionNode = FALSE
	EndGlobalSection
	GlobalSection(NestedProjects) = preSolution
		{F0846B2D-38D1-4A3C-8772-1851C0FA8508} = {74D7ECF9-D1F6-46FA-B8D8-D34F86F713EA}
		{46E3066C-2E87-4E69-A59C-DDB94D47BFF4} = {74D7ECF9-D1F6-46FA-B8D8-D34F86F713EA}
		{43327B39-9174-4EC6-9625-961D3499E0D9} = {74D7ECF9-D1F6-46FA-B8D8-D34F86F713EA}
		{D076CABD-A1F7-4196-9D61-8544EF5FDA9D} = {74D7ECF9-D1F6-46FA-B8D8-D34F86F713EA}
		{C8207B53-8211-4D7D-9E71-798DB0202F80} = {74D7ECF9-D1F6-46FA-B8D8-D34F86F713EA}
		{999AEE74-9069-4CAC-BB44-CA60CA7E479A} = {74D7ECF9-D1F6-46FA-B8D8-D34F86F713EA}
		{A1E85DFC-E7D9-44D7-96CA-2430C643DFD9} = {74D7ECF9-D1F6-46FA-B8D8-D34F86F713EA}
		{946E65E6-5235-47F2-949C-392CA45B8166} = {74D7ECF9-D1F6-46FA-B8D8-D34F86F713EA}
		{41AAD539-10C2-4592-9B0F-BB3E35A782E0} = {F6EC89D8-4343-42A1-B6D6-B0022D3004A0}
		{542B4582-19C0-418E-B5EA-29CA9CD225D0} = {F6EC89D8-4343-42A1-B6D6-B0022D3004A0}
		{5C21C0A5-6EFE-43E1-AEB5-23EAA4FDCBAA} = {F6EC89D8-4343-42A1-B6D6-B0022D3004A0}
		{2FFC93C9-1D87-4366-AC28-B26D41C56620} = {F6EC89D8-4343-42A1-B6D6-B0022D3004A0}
		{498E3E94-34E3-489D-B1E5-14ECB2A568C0} = {F6EC89D8-4343-42A1-B6D6-B0022D3004A0}
		{3B778CDC-7A0E-4D5B-A76E-704E0F854EE9} = {D98DD137-AADE-4474-86EF-9F0874607687}
		{8CACC9A2-DD96-4670-9848-7CC9CE544C86} = {D98DD137-AADE-4474-86EF-9F0874607687}
		{2B7CA60B-F172-4DEB-946E-992140A817EC} = {D98DD137-AADE-4474-86EF-9F0874607687}
		{312B14BF-6208-4E10-81A8-53263C66DEB0} = {80273A51-C8E4-433F-BD7C-4336BEB04A1D}
		{BBE02246-FD88-4DF3-8141-940C7E73AF05} = {80273A51-C8E4-433F-BD7C-4336BEB04A1D}
		{A6400D35-731B-41E1-A752-0D39F0169B90} = {BA3DE2E2-7B32-4612-8219-24FBCF850813}
		{ED212D80-C490-4BDB-801C-E487EB7E390D} = {BA3DE2E2-7B32-4612-8219-24FBCF850813}
		{F883B125-35E9-4047-9FFD-6D643D48CF8A} = {BA3DE2E2-7B32-4612-8219-24FBCF850813}
		{5F891978-E8BA-423F-9125-F02EB33494C4} = {BA3DE2E2-7B32-4612-8219-24FBCF850813}
		{1321229E-C3C2-4B4B-AD81-88B76CB4A938} = {180C285B-7C46-4E5B-9DC9-88439B518746}
		{508BEDA0-0AE7-455C-A432-37575FEBA0F3} = {2C1EE0FE-BA67-4CD0-88B8-6DCAFC9806F1}
		{BC30614D-F0C9-4DA5-9DAE-A55730EE3916} = {74D7ECF9-D1F6-46FA-B8D8-D34F86F713EA}
		{99672AD8-65D0-4F8F-95D1-ADF6839F5584} = {F6EC89D8-4343-42A1-B6D6-B0022D3004A0}
		{072AEE81-1199-4446-B2D5-54384D23DAE0} = {BA3DE2E2-7B32-4612-8219-24FBCF850813}
	EndGlobalSection
	GlobalSection(ExtensibilityGlobals) = postSolution
		SolutionGuid = {09524C45-0D6D-4456-B89D-9673853B9FA0}
	EndGlobalSection
EndGlobal
