
Microsoft Visual Studio Solution File, Format Version 12.00
# Visual Studio Version 16
VisualStudioVersion = 16.0.31205.134
MinimumVisualStudioVersion = 10.0.40219.1
Project("{FAE04EC0-301F-11D3-BF4B-00C04F79EFBC}") = "Durian.DefaultParam.Samples", "Durian.DefaultParam.Samples\Durian.DefaultParam.Samples.csproj", "{9497FF79-E43A-4C01-A9FC-4E52CB637593}"
EndProject
Global
	GlobalSection(SolutionConfigurationPlatforms) = preSolution
		Debug|Any CPU = Debug|Any CPU
		Release|Any CPU = Release|Any CPU
	EndGlobalSection
	GlobalSection(ProjectConfigurationPlatforms) = postSolution
		{9497FF79-E43A-4C01-A9FC-4E52CB637593}.Debug|Any CPU.ActiveCfg = Debug|Any CPU
		{9497FF79-E43A-4C01-A9FC-4E52CB637593}.Debug|Any CPU.Build.0 = Debug|Any CPU
		{9497FF79-E43A-4C01-A9FC-4E52CB637593}.Release|Any CPU.ActiveCfg = Release|Any CPU
		{9497FF79-E43A-4C01-A9FC-4E52CB637593}.Release|Any CPU.Build.0 = Release|Any CPU
	EndGlobalSection
	GlobalSection(SolutionProperties) = preSolution
		HideSolutionNode = FALSE
	EndGlobalSection
	GlobalSection(ExtensibilityGlobals) = postSolution
		SolutionGuid = {0C480C4E-2366-4A6F-9A1F-CD9A97771C73}
	EndGlobalSection
EndGlobal
